
Microsoft Visual Studio Solution File, Format Version 12.00
# Visual Studio Version 17
VisualStudioVersion = 17.8.34322.80
MinimumVisualStudioVersion = 10.0.40219.1
Project("{2150E333-8FDC-42A3-9474-1A3956D46DE8}") = "src", "src", "{27FDF1C6-2EC5-4B20-B473-6DC5E0284978}"
EndProject
Project("{2150E333-8FDC-42A3-9474-1A3956D46DE8}") = "tests", "tests", "{185239B7-929F-4F2E-8F00-873CD7A39E70}"
EndProject
Project("{2150E333-8FDC-42A3-9474-1A3956D46DE8}") = "Modules", "Modules", "{47422E19-1E63-4929-A6E5-DBA32B5B0FC7}"
EndProject
Project("{2150E333-8FDC-42A3-9474-1A3956D46DE8}") = "Bootstrapper", "Bootstrapper", "{4191F950-607B-4EC6-B5F3-4A175C6DB822}"
EndProject
Project("{2150E333-8FDC-42A3-9474-1A3956D46DE8}") = "Shared", "Shared", "{39E1F748-4E3D-4B7D-AFE9-5E1C8BC45543}"
EndProject
Project("{2150E333-8FDC-42A3-9474-1A3956D46DE8}") = "Orders", "Orders", "{60F148AE-D13F-4101-99CB-F4FD7442A0EE}"
EndProject
Project("{2150E333-8FDC-42A3-9474-1A3956D46DE8}") = "Discounts", "Discounts", "{3F7E4590-AA52-4536-BD3A-E0E2ADCA1AF5}"
EndProject
Project("{2150E333-8FDC-42A3-9474-1A3956D46DE8}") = "Carts", "Carts", "{BEC9F40C-A59A-4D65-B6D6-297B5CC19188}"
EndProject
Project("{2150E333-8FDC-42A3-9474-1A3956D46DE8}") = "Users", "Users", "{9277F68D-30ED-41BE-8F5B-D9A34BA05441}"
EndProject
Project("{9A19103F-16F7-4668-BE54-9A1E7A4F7556}") = "Ecommerce.Bootstrapper", "src\Bootstrapper\Ecommerce.Bootstrapper\Ecommerce.Bootstrapper.csproj", "{152293A7-74A8-41BD-8F65-A314B3D53510}"
EndProject
Project("{9A19103F-16F7-4668-BE54-9A1E7A4F7556}") = "Ecommerce.Shared.Abstractions", "src\Shared\Ecommerce.Shared.Abstractions\Ecommerce.Shared.Abstractions.csproj", "{B3B6DD5C-F4D6-4271-BC2B-580960FD7758}"
EndProject
Project("{9A19103F-16F7-4668-BE54-9A1E7A4F7556}") = "Ecommerce.Modules.Users.Api", "src\Modules\Users\Ecommerce.Modules.Users.Api\Ecommerce.Modules.Users.Api.csproj", "{EA0A9201-9B36-4FF3-A3E4-FF0E1FC7CFC2}"
EndProject
Project("{9A19103F-16F7-4668-BE54-9A1E7A4F7556}") = "Ecommerce.Modules.Users.Core", "src\Modules\Users\Ecommerce.Modules.Users.Core\Ecommerce.Modules.Users.Core.csproj", "{3923ACCA-5BAA-4B5B-A2E2-795D62F9EEDE}"
EndProject
Project("{9A19103F-16F7-4668-BE54-9A1E7A4F7556}") = "Ecommerce.Shared.Infrastructure", "src\Shared\Ecommerce.Shared.Infrastructure\Ecommerce.Shared.Infrastructure.csproj", "{D315D770-4869-4302-9EE1-48C5EF098FC1}"
EndProject
Project("{9A19103F-16F7-4668-BE54-9A1E7A4F7556}") = "Ecommerce.Modules.Orders.Domain", "src\Modules\Orders\Ecommerce.Modules.Orders.Domain\Ecommerce.Modules.Orders.Domain.csproj", "{87FAC48D-A987-4733-ABCE-8B76845706D6}"
EndProject
Project("{9A19103F-16F7-4668-BE54-9A1E7A4F7556}") = "Ecommerce.Modules.Orders.Application", "src\Modules\Orders\Ecommerce.Modules.Orders.Application\Ecommerce.Modules.Orders.Application.csproj", "{B27A3BA6-0FD4-492C-86EB-3A13346B5DF0}"
EndProject
Project("{9A19103F-16F7-4668-BE54-9A1E7A4F7556}") = "Ecommerce.Modules.Orders.Infrastructure", "src\Modules\Orders\Ecommerce.Modules.Orders.Infrastructure\Ecommerce.Modules.Orders.Infrastructure.csproj", "{E8538396-8688-4FA6-9E70-BF92CDA88CD0}"
EndProject
Project("{9A19103F-16F7-4668-BE54-9A1E7A4F7556}") = "Ecommerce.Modules.Orders.Api", "src\Modules\Orders\Ecommerce.Modules.Orders.Api\Ecommerce.Modules.Orders.Api.csproj", "{F337BB6A-9A0D-4D99-BC70-EF2C9EF64D21}"
EndProject
Project("{9A19103F-16F7-4668-BE54-9A1E7A4F7556}") = "Ecommerce.Modules.Carts.Api", "src\Modules\Carts\Ecommerce.Modules.Carts.Api\Ecommerce.Modules.Carts.Api.csproj", "{DB90CBCA-57E8-47F7-9461-A6D9FC101D51}"
EndProject
Project("{9A19103F-16F7-4668-BE54-9A1E7A4F7556}") = "Ecommerce.Modules.Carts.Core", "src\Modules\Carts\Ecommerce.Modules.Carts.Core\Ecommerce.Modules.Carts.Core.csproj", "{05B0A0CB-53FE-4907-A4C8-C4765890D32F}"
EndProject
Project("{2150E333-8FDC-42A3-9474-1A3956D46DE8}") = "Mails", "Mails", "{0B72BDC1-0E29-448E-9680-AF2B4BD89180}"
EndProject
Project("{9A19103F-16F7-4668-BE54-9A1E7A4F7556}") = "Ecommerce.Modules.Mails.Api", "src\Modules\Mails\Ecommerce.Modules.Mails.Api\Ecommerce.Modules.Mails.Api.csproj", "{610579AD-CFC5-4E31-AAEE-0CC69D26DC3A}"
EndProject
Project("{2150E333-8FDC-42A3-9474-1A3956D46DE8}") = "Inventory", "Inventory", "{6F8A90B4-C767-461C-AA87-104D11500930}"
EndProject
Project("{9A19103F-16F7-4668-BE54-9A1E7A4F7556}") = "Ecommerce.Modules.Inventory.Api", "src\Modules\Inventory\Ecommerce.Modules.Inventory.Api\Ecommerce.Modules.Inventory.Api.csproj", "{E363C665-FE33-41F8-8212-5CB00E7EB3E0}"
EndProject
Project("{9A19103F-16F7-4668-BE54-9A1E7A4F7556}") = "Ecommerce.Modules.Inventory.Application", "src\Modules\Inventory\Ecommerce.Modules.Inventory.Application\Ecommerce.Modules.Inventory.Application.csproj", "{54A2C5D5-016D-464E-AB12-853C1775A4C8}"
EndProject
Project("{9A19103F-16F7-4668-BE54-9A1E7A4F7556}") = "Ecommerce.Modules.Inventory.Infrastructure", "src\Modules\Inventory\Ecommerce.Modules.Inventory.Infrastructure\Ecommerce.Modules.Inventory.Infrastructure.csproj", "{838E2B84-9BB8-4E3E-AE11-920FED1C992B}"
EndProject
Project("{9A19103F-16F7-4668-BE54-9A1E7A4F7556}") = "Ecommerce.Modules.Inventory.Domain", "src\Modules\Inventory\Ecommerce.Modules.Inventory.Domain\Ecommerce.Modules.Inventory.Domain.csproj", "{7CAFEBB1-CB35-4F86-A886-58940D1C5643}"
EndProject
Project("{9A19103F-16F7-4668-BE54-9A1E7A4F7556}") = "Ecommerce.Modules.Discounts.Api", "src\Modules\Discounts\Ecommerce.Modules.Discounts.Api\Ecommerce.Modules.Discounts.Api.csproj", "{824E6850-4CC1-42C2-BAAA-882E70A63F56}"
EndProject
Project("{9A19103F-16F7-4668-BE54-9A1E7A4F7556}") = "Ecommerce.Modules.Discounts.Core", "src\Modules\Discounts\Ecommerce.Modules.Discounts.Core\Ecommerce.Modules.Discounts.Core.csproj", "{DF57367F-3339-47D4-89C9-811F95BBD075}"
EndProject
Project("{2150E333-8FDC-42A3-9474-1A3956D46DE8}") = "Modules", "Modules", "{2122F9E6-3A5A-4396-BFFF-F21209FCB488}"
EndProject
Project("{2150E333-8FDC-42A3-9474-1A3956D46DE8}") = "Carts", "Carts", "{61EBECD5-F072-4B28-AED9-5BE0E2498D15}"
EndProject
Project("{2150E333-8FDC-42A3-9474-1A3956D46DE8}") = "Discounts", "Discounts", "{AE492568-F493-4658-8AB2-3E9FD4BB289C}"
EndProject
Project("{2150E333-8FDC-42A3-9474-1A3956D46DE8}") = "Inventory", "Inventory", "{DD2EF4C4-BC37-46E0-BFEB-B7DAD25B6D9B}"
EndProject
Project("{2150E333-8FDC-42A3-9474-1A3956D46DE8}") = "Shared", "Shared", "{63D0FB43-1848-4621-9C7D-0982F07F67EC}"
EndProject
Project("{9A19103F-16F7-4668-BE54-9A1E7A4F7556}") = "Ecommerce.Shared.Infrastructure.Tests.Unit", "tests\Shared\Ecommerce.Shared.Infrastructure.Tests.Unit\Ecommerce.Shared.Infrastructure.Tests.Unit.csproj", "{EA117D85-A05A-4A53-B7E7-75016FA7099E}"
EndProject
Project("{9A19103F-16F7-4668-BE54-9A1E7A4F7556}") = "Ecommerce.Modules.Carts.Tests.Integration", "tests\Modules\Carts\Ecommerce.Modules.Carts.Tests.Integration\Ecommerce.Modules.Carts.Tests.Integration.csproj", "{2AF8674F-B98E-4328-84B1-4EEC45904FA5}"
EndProject
Project("{9A19103F-16F7-4668-BE54-9A1E7A4F7556}") = "Ecommerce.Modules.Carts.Tests.Unit", "tests\Modules\Carts\Ecommerce.Modules.Carts.Tests.Unit\Ecommerce.Modules.Carts.Tests.Unit.csproj", "{B8F83C59-3B47-480D-B198-9411F3FD9244}"
EndProject
Project("{9A19103F-16F7-4668-BE54-9A1E7A4F7556}") = "Ecommerce.Modules.Discounts.Tests.Unit", "tests\Modules\Discounts\Ecommerce.Modules.Discounts.Tests.Unit\Ecommerce.Modules.Discounts.Tests.Unit.csproj", "{16D5DCC3-CBA6-419B-8495-251CA93823D5}"
EndProject
Project("{9A19103F-16F7-4668-BE54-9A1E7A4F7556}") = "Ecommerce.Modules.Inventory.Tests.Unit", "tests\Modules\Inventory\Ecommerce.Modules.Inventory.Tests.Unit\Ecommerce.Modules.Inventory.Tests.Unit.csproj", "{8A7D4D60-8417-425D-88E7-114CA49A97CD}"
EndProject
Project("{9A19103F-16F7-4668-BE54-9A1E7A4F7556}") = "Ecommerce.Modules.Inventory.Tests.Integration", "tests\Modules\Inventory\Ecommerce.Modules.Inventory.Tests.Integration\Ecommerce.Modules.Inventory.Tests.Integration.csproj", "{A2B641EA-85F9-49E7-80DD-994A40211BD2}"
EndProject
Project("{9A19103F-16F7-4668-BE54-9A1E7A4F7556}") = "Ecommerce.Modules.Discounts.Tests.Integration", "tests\Modules\Discounts\Ecommerce.Modules.Discounts.Tests.Integration\Ecommerce.Modules.Discounts.Tests.Integration.csproj", "{DDA5CDAE-2168-4E7C-AF71-66B4F32D8BFE}"
EndProject
Project("{FAE04EC0-301F-11D3-BF4B-00C04F79EFBC}") = "Ecommerce.Shared.Tests", "src\Shared\Ecommerce.Shared.Tests\Ecommerce.Shared.Tests.csproj", "{F88FE45B-587C-4C59-B558-3B624C0843ED}"
EndProject
Global
	GlobalSection(SolutionConfigurationPlatforms) = preSolution
		Debug|Any CPU = Debug|Any CPU
		Release|Any CPU = Release|Any CPU
	EndGlobalSection
	GlobalSection(ProjectConfigurationPlatforms) = postSolution
		{152293A7-74A8-41BD-8F65-A314B3D53510}.Debug|Any CPU.ActiveCfg = Debug|Any CPU
		{152293A7-74A8-41BD-8F65-A314B3D53510}.Debug|Any CPU.Build.0 = Debug|Any CPU
		{152293A7-74A8-41BD-8F65-A314B3D53510}.Release|Any CPU.ActiveCfg = Release|Any CPU
		{152293A7-74A8-41BD-8F65-A314B3D53510}.Release|Any CPU.Build.0 = Release|Any CPU
		{B3B6DD5C-F4D6-4271-BC2B-580960FD7758}.Debug|Any CPU.ActiveCfg = Debug|Any CPU
		{B3B6DD5C-F4D6-4271-BC2B-580960FD7758}.Debug|Any CPU.Build.0 = Debug|Any CPU
		{B3B6DD5C-F4D6-4271-BC2B-580960FD7758}.Release|Any CPU.ActiveCfg = Release|Any CPU
		{B3B6DD5C-F4D6-4271-BC2B-580960FD7758}.Release|Any CPU.Build.0 = Release|Any CPU
		{EA0A9201-9B36-4FF3-A3E4-FF0E1FC7CFC2}.Debug|Any CPU.ActiveCfg = Debug|Any CPU
		{EA0A9201-9B36-4FF3-A3E4-FF0E1FC7CFC2}.Debug|Any CPU.Build.0 = Debug|Any CPU
		{EA0A9201-9B36-4FF3-A3E4-FF0E1FC7CFC2}.Release|Any CPU.ActiveCfg = Release|Any CPU
		{EA0A9201-9B36-4FF3-A3E4-FF0E1FC7CFC2}.Release|Any CPU.Build.0 = Release|Any CPU
		{3923ACCA-5BAA-4B5B-A2E2-795D62F9EEDE}.Debug|Any CPU.ActiveCfg = Debug|Any CPU
		{3923ACCA-5BAA-4B5B-A2E2-795D62F9EEDE}.Debug|Any CPU.Build.0 = Debug|Any CPU
		{3923ACCA-5BAA-4B5B-A2E2-795D62F9EEDE}.Release|Any CPU.ActiveCfg = Release|Any CPU
		{3923ACCA-5BAA-4B5B-A2E2-795D62F9EEDE}.Release|Any CPU.Build.0 = Release|Any CPU
		{D315D770-4869-4302-9EE1-48C5EF098FC1}.Debug|Any CPU.ActiveCfg = Debug|Any CPU
		{D315D770-4869-4302-9EE1-48C5EF098FC1}.Debug|Any CPU.Build.0 = Debug|Any CPU
		{D315D770-4869-4302-9EE1-48C5EF098FC1}.Release|Any CPU.ActiveCfg = Release|Any CPU
		{D315D770-4869-4302-9EE1-48C5EF098FC1}.Release|Any CPU.Build.0 = Release|Any CPU
		{87FAC48D-A987-4733-ABCE-8B76845706D6}.Debug|Any CPU.ActiveCfg = Debug|Any CPU
		{87FAC48D-A987-4733-ABCE-8B76845706D6}.Debug|Any CPU.Build.0 = Debug|Any CPU
		{87FAC48D-A987-4733-ABCE-8B76845706D6}.Release|Any CPU.ActiveCfg = Release|Any CPU
		{87FAC48D-A987-4733-ABCE-8B76845706D6}.Release|Any CPU.Build.0 = Release|Any CPU
		{B27A3BA6-0FD4-492C-86EB-3A13346B5DF0}.Debug|Any CPU.ActiveCfg = Debug|Any CPU
		{B27A3BA6-0FD4-492C-86EB-3A13346B5DF0}.Debug|Any CPU.Build.0 = Debug|Any CPU
		{B27A3BA6-0FD4-492C-86EB-3A13346B5DF0}.Release|Any CPU.ActiveCfg = Release|Any CPU
		{B27A3BA6-0FD4-492C-86EB-3A13346B5DF0}.Release|Any CPU.Build.0 = Release|Any CPU
		{E8538396-8688-4FA6-9E70-BF92CDA88CD0}.Debug|Any CPU.ActiveCfg = Debug|Any CPU
		{E8538396-8688-4FA6-9E70-BF92CDA88CD0}.Debug|Any CPU.Build.0 = Debug|Any CPU
		{E8538396-8688-4FA6-9E70-BF92CDA88CD0}.Release|Any CPU.ActiveCfg = Release|Any CPU
		{E8538396-8688-4FA6-9E70-BF92CDA88CD0}.Release|Any CPU.Build.0 = Release|Any CPU
		{F337BB6A-9A0D-4D99-BC70-EF2C9EF64D21}.Debug|Any CPU.ActiveCfg = Debug|Any CPU
		{F337BB6A-9A0D-4D99-BC70-EF2C9EF64D21}.Debug|Any CPU.Build.0 = Debug|Any CPU
		{F337BB6A-9A0D-4D99-BC70-EF2C9EF64D21}.Release|Any CPU.ActiveCfg = Release|Any CPU
		{F337BB6A-9A0D-4D99-BC70-EF2C9EF64D21}.Release|Any CPU.Build.0 = Release|Any CPU
		{DB90CBCA-57E8-47F7-9461-A6D9FC101D51}.Debug|Any CPU.ActiveCfg = Debug|Any CPU
		{DB90CBCA-57E8-47F7-9461-A6D9FC101D51}.Debug|Any CPU.Build.0 = Debug|Any CPU
		{DB90CBCA-57E8-47F7-9461-A6D9FC101D51}.Release|Any CPU.ActiveCfg = Release|Any CPU
		{DB90CBCA-57E8-47F7-9461-A6D9FC101D51}.Release|Any CPU.Build.0 = Release|Any CPU
		{05B0A0CB-53FE-4907-A4C8-C4765890D32F}.Debug|Any CPU.ActiveCfg = Debug|Any CPU
		{05B0A0CB-53FE-4907-A4C8-C4765890D32F}.Debug|Any CPU.Build.0 = Debug|Any CPU
		{05B0A0CB-53FE-4907-A4C8-C4765890D32F}.Release|Any CPU.ActiveCfg = Release|Any CPU
		{05B0A0CB-53FE-4907-A4C8-C4765890D32F}.Release|Any CPU.Build.0 = Release|Any CPU
		{610579AD-CFC5-4E31-AAEE-0CC69D26DC3A}.Debug|Any CPU.ActiveCfg = Debug|Any CPU
		{610579AD-CFC5-4E31-AAEE-0CC69D26DC3A}.Debug|Any CPU.Build.0 = Debug|Any CPU
		{610579AD-CFC5-4E31-AAEE-0CC69D26DC3A}.Release|Any CPU.ActiveCfg = Release|Any CPU
		{610579AD-CFC5-4E31-AAEE-0CC69D26DC3A}.Release|Any CPU.Build.0 = Release|Any CPU
		{E363C665-FE33-41F8-8212-5CB00E7EB3E0}.Debug|Any CPU.ActiveCfg = Debug|Any CPU
		{E363C665-FE33-41F8-8212-5CB00E7EB3E0}.Debug|Any CPU.Build.0 = Debug|Any CPU
		{E363C665-FE33-41F8-8212-5CB00E7EB3E0}.Release|Any CPU.ActiveCfg = Release|Any CPU
		{E363C665-FE33-41F8-8212-5CB00E7EB3E0}.Release|Any CPU.Build.0 = Release|Any CPU
		{54A2C5D5-016D-464E-AB12-853C1775A4C8}.Debug|Any CPU.ActiveCfg = Debug|Any CPU
		{54A2C5D5-016D-464E-AB12-853C1775A4C8}.Debug|Any CPU.Build.0 = Debug|Any CPU
		{54A2C5D5-016D-464E-AB12-853C1775A4C8}.Release|Any CPU.ActiveCfg = Release|Any CPU
		{54A2C5D5-016D-464E-AB12-853C1775A4C8}.Release|Any CPU.Build.0 = Release|Any CPU
		{838E2B84-9BB8-4E3E-AE11-920FED1C992B}.Debug|Any CPU.ActiveCfg = Debug|Any CPU
		{838E2B84-9BB8-4E3E-AE11-920FED1C992B}.Debug|Any CPU.Build.0 = Debug|Any CPU
		{838E2B84-9BB8-4E3E-AE11-920FED1C992B}.Release|Any CPU.ActiveCfg = Release|Any CPU
		{838E2B84-9BB8-4E3E-AE11-920FED1C992B}.Release|Any CPU.Build.0 = Release|Any CPU
		{7CAFEBB1-CB35-4F86-A886-58940D1C5643}.Debug|Any CPU.ActiveCfg = Debug|Any CPU
		{7CAFEBB1-CB35-4F86-A886-58940D1C5643}.Debug|Any CPU.Build.0 = Debug|Any CPU
		{7CAFEBB1-CB35-4F86-A886-58940D1C5643}.Release|Any CPU.ActiveCfg = Release|Any CPU
		{7CAFEBB1-CB35-4F86-A886-58940D1C5643}.Release|Any CPU.Build.0 = Release|Any CPU
		{824E6850-4CC1-42C2-BAAA-882E70A63F56}.Debug|Any CPU.ActiveCfg = Debug|Any CPU
		{824E6850-4CC1-42C2-BAAA-882E70A63F56}.Debug|Any CPU.Build.0 = Debug|Any CPU
		{824E6850-4CC1-42C2-BAAA-882E70A63F56}.Release|Any CPU.ActiveCfg = Release|Any CPU
		{824E6850-4CC1-42C2-BAAA-882E70A63F56}.Release|Any CPU.Build.0 = Release|Any CPU
		{DF57367F-3339-47D4-89C9-811F95BBD075}.Debug|Any CPU.ActiveCfg = Debug|Any CPU
		{DF57367F-3339-47D4-89C9-811F95BBD075}.Debug|Any CPU.Build.0 = Debug|Any CPU
		{DF57367F-3339-47D4-89C9-811F95BBD075}.Release|Any CPU.ActiveCfg = Release|Any CPU
		{DF57367F-3339-47D4-89C9-811F95BBD075}.Release|Any CPU.Build.0 = Release|Any CPU
		{EA117D85-A05A-4A53-B7E7-75016FA7099E}.Debug|Any CPU.ActiveCfg = Debug|Any CPU
		{EA117D85-A05A-4A53-B7E7-75016FA7099E}.Debug|Any CPU.Build.0 = Debug|Any CPU
		{EA117D85-A05A-4A53-B7E7-75016FA7099E}.Release|Any CPU.ActiveCfg = Release|Any CPU
		{EA117D85-A05A-4A53-B7E7-75016FA7099E}.Release|Any CPU.Build.0 = Release|Any CPU
		{2AF8674F-B98E-4328-84B1-4EEC45904FA5}.Debug|Any CPU.ActiveCfg = Debug|Any CPU
		{2AF8674F-B98E-4328-84B1-4EEC45904FA5}.Debug|Any CPU.Build.0 = Debug|Any CPU
		{2AF8674F-B98E-4328-84B1-4EEC45904FA5}.Release|Any CPU.ActiveCfg = Release|Any CPU
		{2AF8674F-B98E-4328-84B1-4EEC45904FA5}.Release|Any CPU.Build.0 = Release|Any CPU
		{B8F83C59-3B47-480D-B198-9411F3FD9244}.Debug|Any CPU.ActiveCfg = Debug|Any CPU
		{B8F83C59-3B47-480D-B198-9411F3FD9244}.Debug|Any CPU.Build.0 = Debug|Any CPU
		{B8F83C59-3B47-480D-B198-9411F3FD9244}.Release|Any CPU.ActiveCfg = Release|Any CPU
		{B8F83C59-3B47-480D-B198-9411F3FD9244}.Release|Any CPU.Build.0 = Release|Any CPU
		{16D5DCC3-CBA6-419B-8495-251CA93823D5}.Debug|Any CPU.ActiveCfg = Debug|Any CPU
		{16D5DCC3-CBA6-419B-8495-251CA93823D5}.Debug|Any CPU.Build.0 = Debug|Any CPU
		{16D5DCC3-CBA6-419B-8495-251CA93823D5}.Release|Any CPU.ActiveCfg = Release|Any CPU
		{16D5DCC3-CBA6-419B-8495-251CA93823D5}.Release|Any CPU.Build.0 = Release|Any CPU
		{8A7D4D60-8417-425D-88E7-114CA49A97CD}.Debug|Any CPU.ActiveCfg = Debug|Any CPU
		{8A7D4D60-8417-425D-88E7-114CA49A97CD}.Debug|Any CPU.Build.0 = Debug|Any CPU
		{8A7D4D60-8417-425D-88E7-114CA49A97CD}.Release|Any CPU.ActiveCfg = Release|Any CPU
		{8A7D4D60-8417-425D-88E7-114CA49A97CD}.Release|Any CPU.Build.0 = Release|Any CPU
		{A2B641EA-85F9-49E7-80DD-994A40211BD2}.Debug|Any CPU.ActiveCfg = Debug|Any CPU
		{A2B641EA-85F9-49E7-80DD-994A40211BD2}.Debug|Any CPU.Build.0 = Debug|Any CPU
		{A2B641EA-85F9-49E7-80DD-994A40211BD2}.Release|Any CPU.ActiveCfg = Release|Any CPU
		{A2B641EA-85F9-49E7-80DD-994A40211BD2}.Release|Any CPU.Build.0 = Release|Any CPU
		{DDA5CDAE-2168-4E7C-AF71-66B4F32D8BFE}.Debug|Any CPU.ActiveCfg = Debug|Any CPU
		{DDA5CDAE-2168-4E7C-AF71-66B4F32D8BFE}.Debug|Any CPU.Build.0 = Debug|Any CPU
		{DDA5CDAE-2168-4E7C-AF71-66B4F32D8BFE}.Release|Any CPU.ActiveCfg = Release|Any CPU
		{DDA5CDAE-2168-4E7C-AF71-66B4F32D8BFE}.Release|Any CPU.Build.0 = Release|Any CPU
		{F88FE45B-587C-4C59-B558-3B624C0843ED}.Debug|Any CPU.ActiveCfg = Debug|Any CPU
		{F88FE45B-587C-4C59-B558-3B624C0843ED}.Debug|Any CPU.Build.0 = Debug|Any CPU
		{F88FE45B-587C-4C59-B558-3B624C0843ED}.Release|Any CPU.ActiveCfg = Release|Any CPU
		{F88FE45B-587C-4C59-B558-3B624C0843ED}.Release|Any CPU.Build.0 = Release|Any CPU
	EndGlobalSection
	GlobalSection(SolutionProperties) = preSolution
		HideSolutionNode = FALSE
	EndGlobalSection
	GlobalSection(NestedProjects) = preSolution
		{47422E19-1E63-4929-A6E5-DBA32B5B0FC7} = {27FDF1C6-2EC5-4B20-B473-6DC5E0284978}
		{4191F950-607B-4EC6-B5F3-4A175C6DB822} = {27FDF1C6-2EC5-4B20-B473-6DC5E0284978}
		{39E1F748-4E3D-4B7D-AFE9-5E1C8BC45543} = {27FDF1C6-2EC5-4B20-B473-6DC5E0284978}
		{60F148AE-D13F-4101-99CB-F4FD7442A0EE} = {47422E19-1E63-4929-A6E5-DBA32B5B0FC7}
		{3F7E4590-AA52-4536-BD3A-E0E2ADCA1AF5} = {47422E19-1E63-4929-A6E5-DBA32B5B0FC7}
		{BEC9F40C-A59A-4D65-B6D6-297B5CC19188} = {47422E19-1E63-4929-A6E5-DBA32B5B0FC7}
		{9277F68D-30ED-41BE-8F5B-D9A34BA05441} = {47422E19-1E63-4929-A6E5-DBA32B5B0FC7}
		{152293A7-74A8-41BD-8F65-A314B3D53510} = {4191F950-607B-4EC6-B5F3-4A175C6DB822}
		{B3B6DD5C-F4D6-4271-BC2B-580960FD7758} = {39E1F748-4E3D-4B7D-AFE9-5E1C8BC45543}
		{EA0A9201-9B36-4FF3-A3E4-FF0E1FC7CFC2} = {9277F68D-30ED-41BE-8F5B-D9A34BA05441}
		{3923ACCA-5BAA-4B5B-A2E2-795D62F9EEDE} = {9277F68D-30ED-41BE-8F5B-D9A34BA05441}
		{D315D770-4869-4302-9EE1-48C5EF098FC1} = {39E1F748-4E3D-4B7D-AFE9-5E1C8BC45543}
		{87FAC48D-A987-4733-ABCE-8B76845706D6} = {60F148AE-D13F-4101-99CB-F4FD7442A0EE}
		{B27A3BA6-0FD4-492C-86EB-3A13346B5DF0} = {60F148AE-D13F-4101-99CB-F4FD7442A0EE}
		{E8538396-8688-4FA6-9E70-BF92CDA88CD0} = {60F148AE-D13F-4101-99CB-F4FD7442A0EE}
		{F337BB6A-9A0D-4D99-BC70-EF2C9EF64D21} = {60F148AE-D13F-4101-99CB-F4FD7442A0EE}
		{DB90CBCA-57E8-47F7-9461-A6D9FC101D51} = {BEC9F40C-A59A-4D65-B6D6-297B5CC19188}
		{05B0A0CB-53FE-4907-A4C8-C4765890D32F} = {BEC9F40C-A59A-4D65-B6D6-297B5CC19188}
		{0B72BDC1-0E29-448E-9680-AF2B4BD89180} = {47422E19-1E63-4929-A6E5-DBA32B5B0FC7}
		{610579AD-CFC5-4E31-AAEE-0CC69D26DC3A} = {0B72BDC1-0E29-448E-9680-AF2B4BD89180}
		{6F8A90B4-C767-461C-AA87-104D11500930} = {47422E19-1E63-4929-A6E5-DBA32B5B0FC7}
		{E363C665-FE33-41F8-8212-5CB00E7EB3E0} = {6F8A90B4-C767-461C-AA87-104D11500930}
		{54A2C5D5-016D-464E-AB12-853C1775A4C8} = {6F8A90B4-C767-461C-AA87-104D11500930}
		{838E2B84-9BB8-4E3E-AE11-920FED1C992B} = {6F8A90B4-C767-461C-AA87-104D11500930}
		{7CAFEBB1-CB35-4F86-A886-58940D1C5643} = {6F8A90B4-C767-461C-AA87-104D11500930}
		{824E6850-4CC1-42C2-BAAA-882E70A63F56} = {3F7E4590-AA52-4536-BD3A-E0E2ADCA1AF5}
		{DF57367F-3339-47D4-89C9-811F95BBD075} = {3F7E4590-AA52-4536-BD3A-E0E2ADCA1AF5}
		{2122F9E6-3A5A-4396-BFFF-F21209FCB488} = {185239B7-929F-4F2E-8F00-873CD7A39E70}
		{61EBECD5-F072-4B28-AED9-5BE0E2498D15} = {2122F9E6-3A5A-4396-BFFF-F21209FCB488}
		{AE492568-F493-4658-8AB2-3E9FD4BB289C} = {2122F9E6-3A5A-4396-BFFF-F21209FCB488}
		{DD2EF4C4-BC37-46E0-BFEB-B7DAD25B6D9B} = {2122F9E6-3A5A-4396-BFFF-F21209FCB488}
		{63D0FB43-1848-4621-9C7D-0982F07F67EC} = {185239B7-929F-4F2E-8F00-873CD7A39E70}
		{EA117D85-A05A-4A53-B7E7-75016FA7099E} = {63D0FB43-1848-4621-9C7D-0982F07F67EC}
		{2AF8674F-B98E-4328-84B1-4EEC45904FA5} = {61EBECD5-F072-4B28-AED9-5BE0E2498D15}
		{B8F83C59-3B47-480D-B198-9411F3FD9244} = {61EBECD5-F072-4B28-AED9-5BE0E2498D15}
		{16D5DCC3-CBA6-419B-8495-251CA93823D5} = {AE492568-F493-4658-8AB2-3E9FD4BB289C}
		{8A7D4D60-8417-425D-88E7-114CA49A97CD} = {DD2EF4C4-BC37-46E0-BFEB-B7DAD25B6D9B}
		{A2B641EA-85F9-49E7-80DD-994A40211BD2} = {DD2EF4C4-BC37-46E0-BFEB-B7DAD25B6D9B}
		{DDA5CDAE-2168-4E7C-AF71-66B4F32D8BFE} = {AE492568-F493-4658-8AB2-3E9FD4BB289C}
		{F88FE45B-587C-4C59-B558-3B624C0843ED} = {39E1F748-4E3D-4B7D-AFE9-5E1C8BC45543}
	EndGlobalSection
	GlobalSection(ExtensibilityGlobals) = postSolution
		SolutionGuid = {C598779F-F0BA-4A5C-904A-8BA2C5902FF6}
	EndGlobalSection
EndGlobal
